
Microsoft Visual Studio Solution File, Format Version 12.00
# Visual Studio Version 17
VisualStudioVersion = 17.2.32616.157
MinimumVisualStudioVersion = 10.0.40219.1
Project("{9A19103F-16F7-4668-BE54-9A1E7A4F7556}") = "HelloWorldSample", "HelloWorldSample.csproj", "{60E4013A-05E8-476F-96C5-15FE007D0D58}"
EndProject
Global
	GlobalSection(SolutionConfigurationPlatforms) = preSolution
		Debug|Any CPU = Debug|Any CPU
		Release|Any CPU = Release|Any CPU
	EndGlobalSection
	GlobalSection(ProjectConfigurationPlatforms) = postSolution
		{60E4013A-05E8-476F-96C5-15FE007D0D58}.Debug|Any CPU.ActiveCfg = Debug|Any CPU
		{60E4013A-05E8-476F-96C5-15FE007D0D58}.Debug|Any CPU.Build.0 = Debug|Any CPU
		{60E4013A-05E8-476F-96C5-15FE007D0D58}.Release|Any CPU.ActiveCfg = Release|Any CPU
		{60E4013A-05E8-476F-96C5-15FE007D0D58}.Release|Any CPU.Build.0 = Release|Any CPU
	EndGlobalSection
	GlobalSection(SolutionProperties) = preSolution
		HideSolutionNode = FALSE
	EndGlobalSection
	GlobalSection(ExtensibilityGlobals) = postSolution
		SolutionGuid = {42B586F4-84D1-4C11-97CA-8E6EB0BC0E4D}
	EndGlobalSection
EndGlobal
